
Microsoft Visual Studio Solution File, Format Version 12.00
# Visual Studio 2012
Project("{FAE04EC0-301F-11D3-BF4B-00C04F79EFBC}") = "OOP_Lesson_1", "OOP_Lesson_1\OOP_Lesson_1.csproj", "{2529F690-5C0E-4B24-9F7E-6479EA53061B}"
EndProject
Global
	GlobalSection(SolutionConfigurationPlatforms) = preSolution
		Debug|Any CPU = Debug|Any CPU
		Release|Any CPU = Release|Any CPU
	EndGlobalSection
	GlobalSection(ProjectConfigurationPlatforms) = postSolution
		{2529F690-5C0E-4B24-9F7E-6479EA53061B}.Debug|Any CPU.ActiveCfg = Debug|Any CPU
		{2529F690-5C0E-4B24-9F7E-6479EA53061B}.Debug|Any CPU.Build.0 = Debug|Any CPU
		{2529F690-5C0E-4B24-9F7E-6479EA53061B}.Release|Any CPU.ActiveCfg = Release|Any CPU
		{2529F690-5C0E-4B24-9F7E-6479EA53061B}.Release|Any CPU.Build.0 = Release|Any CPU
	EndGlobalSection
EndGlobal
